
Microsoft Visual Studio Solution File, Format Version 12.00
# Visual Studio Version 17
VisualStudioVersion = 17.0.31903.59
MinimumVisualStudioVersion = 10.0.40219.1
Project("{FAE04EC0-301F-11D3-BF4B-00C04F79EFBC}") = "CorreioElegante.UWP", "CorreioElegante\CorreioElegante.UWP\CorreioElegante.UWP.csproj", "{EC3255B3-11FC-4A62-9A94-7AB7B3DD5B4A}"
EndProject
Project("{FAE04EC0-301F-11D3-BF4B-00C04F79EFBC}") = "CorreioElegante.Android", "CorreioElegante\CorreioElegante.Android\CorreioElegante.Android.csproj", "{A75A059F-809D-4A07-A033-C10E5AFCD193}"
EndProject
Project("{FAE04EC0-301F-11D3-BF4B-00C04F79EFBC}") = "CorreioElegante.iOS", "CorreioElegante\CorreioElegante.iOS\CorreioElegante.iOS.csproj", "{9250719E-F9E1-486B-9E7F-98CBB7A5DA84}"
EndProject
Project("{FAE04EC0-301F-11D3-BF4B-00C04F79EFBC}") = "CorreioElegante", "CorreioElegante\CorreioElegante\CorreioElegante.csproj", "{C804C2A6-D75C-4141-8ECA-CBF2FE0D1736}"
EndProject
Global
	GlobalSection(SolutionConfigurationPlatforms) = preSolution
		Debug|Any CPU = Debug|Any CPU
		Debug|ARM = Debug|ARM
		Debug|iPhone = Debug|iPhone
		Debug|iPhoneSimulator = Debug|iPhoneSimulator
		Debug|x64 = Debug|x64
		Debug|x86 = Debug|x86
		Release|Any CPU = Release|Any CPU
		Release|ARM = Release|ARM
		Release|iPhone = Release|iPhone
		Release|iPhoneSimulator = Release|iPhoneSimulator
		Release|x64 = Release|x64
		Release|x86 = Release|x86
	EndGlobalSection
	GlobalSection(ProjectConfigurationPlatforms) = postSolution
		{EC3255B3-11FC-4A62-9A94-7AB7B3DD5B4A}.Debug|Any CPU.ActiveCfg = Debug|x64
		{EC3255B3-11FC-4A62-9A94-7AB7B3DD5B4A}.Debug|Any CPU.Build.0 = Debug|x64
		{EC3255B3-11FC-4A62-9A94-7AB7B3DD5B4A}.Debug|Any CPU.Deploy.0 = Debug|x64
		{EC3255B3-11FC-4A62-9A94-7AB7B3DD5B4A}.Debug|ARM.ActiveCfg = Debug|ARM
		{EC3255B3-11FC-4A62-9A94-7AB7B3DD5B4A}.Debug|ARM.Build.0 = Debug|ARM
		{EC3255B3-11FC-4A62-9A94-7AB7B3DD5B4A}.Debug|ARM.Deploy.0 = Debug|ARM
		{EC3255B3-11FC-4A62-9A94-7AB7B3DD5B4A}.Debug|iPhone.ActiveCfg = Debug|x64
		{EC3255B3-11FC-4A62-9A94-7AB7B3DD5B4A}.Debug|iPhone.Build.0 = Debug|x64
		{EC3255B3-11FC-4A62-9A94-7AB7B3DD5B4A}.Debug|iPhone.Deploy.0 = Debug|x64
		{EC3255B3-11FC-4A62-9A94-7AB7B3DD5B4A}.Debug|iPhoneSimulator.ActiveCfg = Debug|x64
		{EC3255B3-11FC-4A62-9A94-7AB7B3DD5B4A}.Debug|iPhoneSimulator.Build.0 = Debug|x64
		{EC3255B3-11FC-4A62-9A94-7AB7B3DD5B4A}.Debug|iPhoneSimulator.Deploy.0 = Debug|x64
		{EC3255B3-11FC-4A62-9A94-7AB7B3DD5B4A}.Debug|x64.ActiveCfg = Debug|x64
		{EC3255B3-11FC-4A62-9A94-7AB7B3DD5B4A}.Debug|x64.Build.0 = Debug|x64
		{EC3255B3-11FC-4A62-9A94-7AB7B3DD5B4A}.Debug|x64.Deploy.0 = Debug|x64
		{EC3255B3-11FC-4A62-9A94-7AB7B3DD5B4A}.Debug|x86.ActiveCfg = Debug|x86
		{EC3255B3-11FC-4A62-9A94-7AB7B3DD5B4A}.Debug|x86.Build.0 = Debug|x86
		{EC3255B3-11FC-4A62-9A94-7AB7B3DD5B4A}.Debug|x86.Deploy.0 = Debug|x86
		{EC3255B3-11FC-4A62-9A94-7AB7B3DD5B4A}.Release|Any CPU.ActiveCfg = Release|x64
		{EC3255B3-11FC-4A62-9A94-7AB7B3DD5B4A}.Release|Any CPU.Build.0 = Release|x64
		{EC3255B3-11FC-4A62-9A94-7AB7B3DD5B4A}.Release|Any CPU.Deploy.0 = Release|x64
		{EC3255B3-11FC-4A62-9A94-7AB7B3DD5B4A}.Release|ARM.ActiveCfg = Release|ARM
		{EC3255B3-11FC-4A62-9A94-7AB7B3DD5B4A}.Release|ARM.Build.0 = Release|ARM
		{EC3255B3-11FC-4A62-9A94-7AB7B3DD5B4A}.Release|ARM.Deploy.0 = Release|ARM
		{EC3255B3-11FC-4A62-9A94-7AB7B3DD5B4A}.Release|iPhone.ActiveCfg = Release|x64
		{EC3255B3-11FC-4A62-9A94-7AB7B3DD5B4A}.Release|iPhone.Build.0 = Release|x64
		{EC3255B3-11FC-4A62-9A94-7AB7B3DD5B4A}.Release|iPhone.Deploy.0 = Release|x64
		{EC3255B3-11FC-4A62-9A94-7AB7B3DD5B4A}.Release|iPhoneSimulator.ActiveCfg = Release|x64
		{EC3255B3-11FC-4A62-9A94-7AB7B3DD5B4A}.Release|iPhoneSimulator.Build.0 = Release|x64
		{EC3255B3-11FC-4A62-9A94-7AB7B3DD5B4A}.Release|iPhoneSimulator.Deploy.0 = Release|x64
		{EC3255B3-11FC-4A62-9A94-7AB7B3DD5B4A}.Release|x64.ActiveCfg = Release|x64
		{EC3255B3-11FC-4A62-9A94-7AB7B3DD5B4A}.Release|x64.Build.0 = Release|x64
		{EC3255B3-11FC-4A62-9A94-7AB7B3DD5B4A}.Release|x64.Deploy.0 = Release|x64
		{EC3255B3-11FC-4A62-9A94-7AB7B3DD5B4A}.Release|x86.ActiveCfg = Release|x86
		{EC3255B3-11FC-4A62-9A94-7AB7B3DD5B4A}.Release|x86.Build.0 = Release|x86
		{EC3255B3-11FC-4A62-9A94-7AB7B3DD5B4A}.Release|x86.Deploy.0 = Release|x86
		{A75A059F-809D-4A07-A033-C10E5AFCD193}.Debug|Any CPU.ActiveCfg = Debug|Any CPU
		{A75A059F-809D-4A07-A033-C10E5AFCD193}.Debug|Any CPU.Build.0 = Debug|Any CPU
		{A75A059F-809D-4A07-A033-C10E5AFCD193}.Debug|Any CPU.Deploy.0 = Debug|Any CPU
		{A75A059F-809D-4A07-A033-C10E5AFCD193}.Debug|ARM.ActiveCfg = Debug|Any CPU
		{A75A059F-809D-4A07-A033-C10E5AFCD193}.Debug|ARM.Build.0 = Debug|Any CPU
		{A75A059F-809D-4A07-A033-C10E5AFCD193}.Debug|ARM.Deploy.0 = Debug|Any CPU
		{A75A059F-809D-4A07-A033-C10E5AFCD193}.Debug|iPhone.ActiveCfg = Debug|Any CPU
		{A75A059F-809D-4A07-A033-C10E5AFCD193}.Debug|iPhone.Build.0 = Debug|Any CPU
		{A75A059F-809D-4A07-A033-C10E5AFCD193}.Debug|iPhone.Deploy.0 = Debug|Any CPU
		{A75A059F-809D-4A07-A033-C10E5AFCD193}.Debug|iPhoneSimulator.ActiveCfg = Debug|Any CPU
		{A75A059F-809D-4A07-A033-C10E5AFCD193}.Debug|iPhoneSimulator.Build.0 = Debug|Any CPU
		{A75A059F-809D-4A07-A033-C10E5AFCD193}.Debug|iPhoneSimulator.Deploy.0 = Debug|Any CPU
		{A75A059F-809D-4A07-A033-C10E5AFCD193}.Debug|x64.ActiveCfg = Debug|Any CPU
		{A75A059F-809D-4A07-A033-C10E5AFCD193}.Debug|x64.Build.0 = Debug|Any CPU
		{A75A059F-809D-4A07-A033-C10E5AFCD193}.Debug|x64.Deploy.0 = Debug|Any CPU
		{A75A059F-809D-4A07-A033-C10E5AFCD193}.Debug|x86.ActiveCfg = Debug|Any CPU
		{A75A059F-809D-4A07-A033-C10E5AFCD193}.Debug|x86.Build.0 = Debug|Any CPU
		{A75A059F-809D-4A07-A033-C10E5AFCD193}.Debug|x86.Deploy.0 = Debug|Any CPU
		{A75A059F-809D-4A07-A033-C10E5AFCD193}.Release|Any CPU.ActiveCfg = Release|Any CPU
		{A75A059F-809D-4A07-A033-C10E5AFCD193}.Release|Any CPU.Build.0 = Release|Any CPU
		{A75A059F-809D-4A07-A033-C10E5AFCD193}.Release|Any CPU.Deploy.0 = Release|Any CPU
		{A75A059F-809D-4A07-A033-C10E5AFCD193}.Release|ARM.ActiveCfg = Release|Any CPU
		{A75A059F-809D-4A07-A033-C10E5AFCD193}.Release|ARM.Build.0 = Release|Any CPU
		{A75A059F-809D-4A07-A033-C10E5AFCD193}.Release|ARM.Deploy.0 = Release|Any CPU
		{A75A059F-809D-4A07-A033-C10E5AFCD193}.Release|iPhone.ActiveCfg = Release|Any CPU
		{A75A059F-809D-4A07-A033-C10E5AFCD193}.Release|iPhone.Build.0 = Release|Any CPU
		{A75A059F-809D-4A07-A033-C10E5AFCD193}.Release|iPhone.Deploy.0 = Release|Any CPU
		{A75A059F-809D-4A07-A033-C10E5AFCD193}.Release|iPhoneSimulator.ActiveCfg = Release|Any CPU
		{A75A059F-809D-4A07-A033-C10E5AFCD193}.Release|iPhoneSimulator.Build.0 = Release|Any CPU
		{A75A059F-809D-4A07-A033-C10E5AFCD193}.Release|iPhoneSimulator.Deploy.0 = Release|Any CPU
		{A75A059F-809D-4A07-A033-C10E5AFCD193}.Release|x64.ActiveCfg = Release|Any CPU
		{A75A059F-809D-4A07-A033-C10E5AFCD193}.Release|x64.Build.0 = Release|Any CPU
		{A75A059F-809D-4A07-A033-C10E5AFCD193}.Release|x64.Deploy.0 = Release|Any CPU
		{A75A059F-809D-4A07-A033-C10E5AFCD193}.Release|x86.ActiveCfg = Release|Any CPU
		{A75A059F-809D-4A07-A033-C10E5AFCD193}.Release|x86.Build.0 = Release|Any CPU
		{A75A059F-809D-4A07-A033-C10E5AFCD193}.Release|x86.Deploy.0 = Release|Any CPU
		{9250719E-F9E1-486B-9E7F-98CBB7A5DA84}.Debug|Any CPU.ActiveCfg = Debug|iPhoneSimulator
		{9250719E-F9E1-486B-9E7F-98CBB7A5DA84}.Debug|Any CPU.Build.0 = Debug|iPhoneSimulator
		{9250719E-F9E1-486B-9E7F-98CBB7A5DA84}.Debug|Any CPU.Deploy.0 = Debug|iPhoneSimulator
		{9250719E-F9E1-486B-9E7F-98CBB7A5DA84}.Debug|ARM.ActiveCfg = Debug|iPhoneSimulator
		{9250719E-F9E1-486B-9E7F-98CBB7A5DA84}.Debug|ARM.Build.0 = Debug|iPhoneSimulator
		{9250719E-F9E1-486B-9E7F-98CBB7A5DA84}.Debug|ARM.Deploy.0 = Debug|iPhoneSimulator
		{9250719E-F9E1-486B-9E7F-98CBB7A5DA84}.Debug|iPhone.ActiveCfg = Debug|iPhone
		{9250719E-F9E1-486B-9E7F-98CBB7A5DA84}.Debug|iPhone.Build.0 = Debug|iPhone
		{9250719E-F9E1-486B-9E7F-98CBB7A5DA84}.Debug|iPhone.Deploy.0 = Debug|iPhone
		{9250719E-F9E1-486B-9E7F-98CBB7A5DA84}.Debug|iPhoneSimulator.ActiveCfg = Debug|iPhoneSimulator
		{9250719E-F9E1-486B-9E7F-98CBB7A5DA84}.Debug|iPhoneSimulator.Build.0 = Debug|iPhoneSimulator
		{9250719E-F9E1-486B-9E7F-98CBB7A5DA84}.Debug|iPhoneSimulator.Deploy.0 = Debug|iPhoneSimulator
		{9250719E-F9E1-486B-9E7F-98CBB7A5DA84}.Debug|x64.ActiveCfg = Debug|iPhone
		{9250719E-F9E1-486B-9E7F-98CBB7A5DA84}.Debug|x64.Build.0 = Debug|iPhone
		{9250719E-F9E1-486B-9E7F-98CBB7A5DA84}.Debug|x64.Deploy.0 = Debug|iPhone
		{9250719E-F9E1-486B-9E7F-98CBB7A5DA84}.Debug|x86.ActiveCfg = Debug|iPhoneSimulator
		{9250719E-F9E1-486B-9E7F-98CBB7A5DA84}.Debug|x86.Build.0 = Debug|iPhoneSimulator
		{9250719E-F9E1-486B-9E7F-98CBB7A5DA84}.Debug|x86.Deploy.0 = Debug|iPhoneSimulator
		{9250719E-F9E1-486B-9E7F-98CBB7A5DA84}.Release|Any CPU.ActiveCfg = Release|iPhoneSimulator
		{9250719E-F9E1-486B-9E7F-98CBB7A5DA84}.Release|Any CPU.Build.0 = Release|iPhoneSimulator
		{9250719E-F9E1-486B-9E7F-98CBB7A5DA84}.Release|Any CPU.Deploy.0 = Release|iPhoneSimulator
		{9250719E-F9E1-486B-9E7F-98CBB7A5DA84}.Release|ARM.ActiveCfg = Release|iPhoneSimulator
		{9250719E-F9E1-486B-9E7F-98CBB7A5DA84}.Release|ARM.Build.0 = Release|iPhoneSimulator
		{9250719E-F9E1-486B-9E7F-98CBB7A5DA84}.Release|ARM.Deploy.0 = Release|iPhoneSimulator
		{9250719E-F9E1-486B-9E7F-98CBB7A5DA84}.Release|iPhone.ActiveCfg = Release|iPhone
		{9250719E-F9E1-486B-9E7F-98CBB7A5DA84}.Release|iPhone.Build.0 = Release|iPhone
		{9250719E-F9E1-486B-9E7F-98CBB7A5DA84}.Release|iPhone.Deploy.0 = Release|iPhone
		{9250719E-F9E1-486B-9E7F-98CBB7A5DA84}.Release|iPhoneSimulator.ActiveCfg = Release|iPhoneSimulator
		{9250719E-F9E1-486B-9E7F-98CBB7A5DA84}.Release|iPhoneSimulator.Build.0 = Release|iPhoneSimulator
		{9250719E-F9E1-486B-9E7F-98CBB7A5DA84}.Release|iPhoneSimulator.Deploy.0 = Release|iPhoneSimulator
		{9250719E-F9E1-486B-9E7F-98CBB7A5DA84}.Release|x64.ActiveCfg = Release|iPhoneSimulator
		{9250719E-F9E1-486B-9E7F-98CBB7A5DA84}.Release|x64.Build.0 = Release|iPhoneSimulator
		{9250719E-F9E1-486B-9E7F-98CBB7A5DA84}.Release|x64.Deploy.0 = Release|iPhoneSimulator
		{9250719E-F9E1-486B-9E7F-98CBB7A5DA84}.Release|x86.ActiveCfg = Release|iPhoneSimulator
		{9250719E-F9E1-486B-9E7F-98CBB7A5DA84}.Release|x86.Build.0 = Release|iPhoneSimulator
		{9250719E-F9E1-486B-9E7F-98CBB7A5DA84}.Release|x86.Deploy.0 = Release|iPhoneSimulator
		{C804C2A6-D75C-4141-8ECA-CBF2FE0D1736}.Debug|Any CPU.ActiveCfg = Debug|Any CPU
		{C804C2A6-D75C-4141-8ECA-CBF2FE0D1736}.Debug|Any CPU.Build.0 = Debug|Any CPU
		{C804C2A6-D75C-4141-8ECA-CBF2FE0D1736}.Debug|Any CPU.Deploy.0 = Debug|Any CPU
		{C804C2A6-D75C-4141-8ECA-CBF2FE0D1736}.Debug|ARM.ActiveCfg = Debug|Any CPU
		{C804C2A6-D75C-4141-8ECA-CBF2FE0D1736}.Debug|ARM.Build.0 = Debug|Any CPU
		{C804C2A6-D75C-4141-8ECA-CBF2FE0D1736}.Debug|ARM.Deploy.0 = Debug|Any CPU
		{C804C2A6-D75C-4141-8ECA-CBF2FE0D1736}.Debug|iPhone.ActiveCfg = Debug|Any CPU
		{C804C2A6-D75C-4141-8ECA-CBF2FE0D1736}.Debug|iPhone.Build.0 = Debug|Any CPU
		{C804C2A6-D75C-4141-8ECA-CBF2FE0D1736}.Debug|iPhone.Deploy.0 = Debug|Any CPU
		{C804C2A6-D75C-4141-8ECA-CBF2FE0D1736}.Debug|iPhoneSimulator.ActiveCfg = Debug|Any CPU
		{C804C2A6-D75C-4141-8ECA-CBF2FE0D1736}.Debug|iPhoneSimulator.Build.0 = Debug|Any CPU
		{C804C2A6-D75C-4141-8ECA-CBF2FE0D1736}.Debug|iPhoneSimulator.Deploy.0 = Debug|Any CPU
		{C804C2A6-D75C-4141-8ECA-CBF2FE0D1736}.Debug|x64.ActiveCfg = Debug|Any CPU
		{C804C2A6-D75C-4141-8ECA-CBF2FE0D1736}.Debug|x64.Build.0 = Debug|Any CPU
		{C804C2A6-D75C-4141-8ECA-CBF2FE0D1736}.Debug|x64.Deploy.0 = Debug|Any CPU
		{C804C2A6-D75C-4141-8ECA-CBF2FE0D1736}.Debug|x86.ActiveCfg = Debug|Any CPU
		{C804C2A6-D75C-4141-8ECA-CBF2FE0D1736}.Debug|x86.Build.0 = Debug|Any CPU
		{C804C2A6-D75C-4141-8ECA-CBF2FE0D1736}.Debug|x86.Deploy.0 = Debug|Any CPU
		{C804C2A6-D75C-4141-8ECA-CBF2FE0D1736}.Release|Any CPU.ActiveCfg = Release|Any CPU
		{C804C2A6-D75C-4141-8ECA-CBF2FE0D1736}.Release|Any CPU.Build.0 = Release|Any CPU
		{C804C2A6-D75C-4141-8ECA-CBF2FE0D1736}.Release|Any CPU.Deploy.0 = Release|Any CPU
		{C804C2A6-D75C-4141-8ECA-CBF2FE0D1736}.Release|ARM.ActiveCfg = Release|Any CPU
		{C804C2A6-D75C-4141-8ECA-CBF2FE0D1736}.Release|ARM.Build.0 = Release|Any CPU
		{C804C2A6-D75C-4141-8ECA-CBF2FE0D1736}.Release|ARM.Deploy.0 = Release|Any CPU
		{C804C2A6-D75C-4141-8ECA-CBF2FE0D1736}.Release|iPhone.ActiveCfg = Release|Any CPU
		{C804C2A6-D75C-4141-8ECA-CBF2FE0D1736}.Release|iPhone.Build.0 = Release|Any CPU
		{C804C2A6-D75C-4141-8ECA-CBF2FE0D1736}.Release|iPhone.Deploy.0 = Release|Any CPU
		{C804C2A6-D75C-4141-8ECA-CBF2FE0D1736}.Release|iPhoneSimulator.ActiveCfg = Release|Any CPU
		{C804C2A6-D75C-4141-8ECA-CBF2FE0D1736}.Release|iPhoneSimulator.Build.0 = Release|Any CPU
		{C804C2A6-D75C-4141-8ECA-CBF2FE0D1736}.Release|iPhoneSimulator.Deploy.0 = Release|Any CPU
		{C804C2A6-D75C-4141-8ECA-CBF2FE0D1736}.Release|x64.ActiveCfg = Release|Any CPU
		{C804C2A6-D75C-4141-8ECA-CBF2FE0D1736}.Release|x64.Build.0 = Release|Any CPU
		{C804C2A6-D75C-4141-8ECA-CBF2FE0D1736}.Release|x64.Deploy.0 = Release|Any CPU
		{C804C2A6-D75C-4141-8ECA-CBF2FE0D1736}.Release|x86.ActiveCfg = Release|Any CPU
		{C804C2A6-D75C-4141-8ECA-CBF2FE0D1736}.Release|x86.Build.0 = Release|Any CPU
		{C804C2A6-D75C-4141-8ECA-CBF2FE0D1736}.Release|x86.Deploy.0 = Release|Any CPU
	EndGlobalSection
	GlobalSection(SolutionProperties) = preSolution
		HideSolutionNode = FALSE
	EndGlobalSection
	GlobalSection(ExtensibilityGlobals) = postSolution
		SolutionGuid = {F14A05CA-4D9B-43C4-82D0-15EAD28E47DF}
	EndGlobalSection
EndGlobal
